
Microsoft Visual Studio Solution File, Format Version 12.00
# Visual Studio Version 16
VisualStudioVersion = 16.0.30114.105
MinimumVisualStudioVersion = 10.0.40219.1
Project("{FAE04EC0-301F-11D3-BF4B-00C04F79EFBC}") = "MinchoWitch_MinchoFallout", "MinchoWitch_MinchoFallout.csproj", "{9F65BE75-F0D6-4B4B-AD05-4D8DF14FBE95}"
EndProject
Global
	GlobalSection(SolutionConfigurationPlatforms) = preSolution
		Debug|Any CPU = Debug|Any CPU
		Release|Any CPU = Release|Any CPU
	EndGlobalSection
	GlobalSection(ProjectConfigurationPlatforms) = postSolution
		{9F65BE75-F0D6-4B4B-AD05-4D8DF14FBE95}.Debug|Any CPU.ActiveCfg = Debug|Any CPU
		{9F65BE75-F0D6-4B4B-AD05-4D8DF14FBE95}.Debug|Any CPU.Build.0 = Debug|Any CPU
		{9F65BE75-F0D6-4B4B-AD05-4D8DF14FBE95}.Release|Any CPU.ActiveCfg = Release|Any CPU
		{9F65BE75-F0D6-4B4B-AD05-4D8DF14FBE95}.Release|Any CPU.Build.0 = Release|Any CPU
	EndGlobalSection
	GlobalSection(SolutionProperties) = preSolution
		HideSolutionNode = FALSE
	EndGlobalSection
	GlobalSection(ExtensibilityGlobals) = postSolution
		SolutionGuid = {0D3B9777-EC52-45A3-AA68-FF56C4D02827}
	EndGlobalSection
EndGlobal
